// !$*UTF8*$!
{
	archiveVersion = 1;
	classes = {
	};
	objectVersion = 46;
	objects = {

/* Begin PBXBuildFile section */
		15E45A0015C071310031094D /* UIKit.framework in Frameworks */ = {isa = PBXBuildFile; fileRef = 15E459FF15C071310031094D /* UIKit.framework */; };
		15E45A0115C071310031094D /* Foundation.framework in Frameworks */ = {isa = PBXBuildFile; fileRef = 15F3E22515B9DC6900218C9C /* Foundation.framework */; };
		15E45A0315C071310031094D /* CoreGraphics.framework in Frameworks */ = {isa = PBXBuildFile; fileRef = 15E45A0215C071310031094D /* CoreGraphics.framework */; };
		15E45A0915C071310031094D /* InfoPlist.strings in Resources */ = {isa = PBXBuildFile; fileRef = 15E45A0715C071310031094D /* InfoPlist.strings */; };
		15E45A0B15C071310031094D /* main.m in Sources */ = {isa = PBXBuildFile; fileRef = 15E45A0A15C071310031094D /* main.m */; };
		15E45A0E15C071320031094D /* Cedar-iOS.framework in Frameworks */ = {isa = PBXBuildFile; fileRef = 15E45A0D15C071320031094D /* Cedar-iOS.framework */; };
		15E45A1615C073F10031094D /* TMQuiltViewTests.mm in Sources */ = {isa = PBXBuildFile; fileRef = 15E45A1515C073F10031094D /* TMQuiltViewTests.mm */; };
		15E45A1715C076CE0031094D /* TMQuiltView.m in Sources */ = {isa = PBXBuildFile; fileRef = 15F3E22B15B9DC6900218C9C /* TMQuiltView.m */; };
		15E45A1815C076F90031094D /* TMQuiltViewCell.m in Sources */ = {isa = PBXBuildFile; fileRef = 15F3E26215B9DD3300218C9C /* TMQuiltViewCell.m */; };
		15F3E22615B9DC6900218C9C /* Foundation.framework in Frameworks */ = {isa = PBXBuildFile; fileRef = 15F3E22515B9DC6900218C9C /* Foundation.framework */; };
		15F3E22C15B9DC6900218C9C /* TMQuiltView.m in Sources */ = {isa = PBXBuildFile; fileRef = 15F3E22B15B9DC6900218C9C /* TMQuiltView.m */; };
		15F3E26315B9DD3300218C9C /* TMQuiltViewCell.h in Headers */ = {isa = PBXBuildFile; fileRef = 15F3E26115B9DD3300218C9C /* TMQuiltViewCell.h */; };
		15F3E26415B9DD3300218C9C /* TMQuiltViewCell.m in Sources */ = {isa = PBXBuildFile; fileRef = 15F3E26215B9DD3300218C9C /* TMQuiltViewCell.m */; };
		15F3E26915B9FABE00218C9C /* TMQuiltViewController.h in Headers */ = {isa = PBXBuildFile; fileRef = 15F3E26715B9FABE00218C9C /* TMQuiltViewController.h */; };
		15F3E26A15B9FABE00218C9C /* TMQuiltViewController.m in Sources */ = {isa = PBXBuildFile; fileRef = 15F3E26815B9FABE00218C9C /* TMQuiltViewController.m */; };
/* End PBXBuildFile section */

/* Begin PBXFileReference section */
		15E459FD15C071310031094D /* TMQuiltViewTests.app */ = {isa = PBXFileReference; explicitFileType = wrapper.application; includeInIndex = 0; path = TMQuiltViewTests.app; sourceTree = BUILT_PRODUCTS_DIR; };
		15E459FF15C071310031094D /* UIKit.framework */ = {isa = PBXFileReference; lastKnownFileType = wrapper.framework; name = UIKit.framework; path = System/Library/Frameworks/UIKit.framework; sourceTree = SDKROOT; };
		15E45A0215C071310031094D /* CoreGraphics.framework */ = {isa = PBXFileReference; lastKnownFileType = wrapper.framework; name = CoreGraphics.framework; path = System/Library/Frameworks/CoreGraphics.framework; sourceTree = SDKROOT; };
		15E45A0615C071310031094D /* TMQuiltViewTests-Info.plist */ = {isa = PBXFileReference; lastKnownFileType = text.plist.xml; path = "TMQuiltViewTests-Info.plist"; sourceTree = "<group>"; };
		15E45A0815C071310031094D /* en */ = {isa = PBXFileReference; lastKnownFileType = text.plist.strings; name = en; path = en.lproj/InfoPlist.strings; sourceTree = "<group>"; };
		15E45A0A15C071310031094D /* main.m */ = {isa = PBXFileReference; lastKnownFileType = sourcecode.c.objc; path = main.m; sourceTree = "<group>"; };
		15E45A0C15C071310031094D /* TMQuiltViewTests-Prefix.pch */ = {isa = PBXFileReference; lastKnownFileType = sourcecode.c.h; path = "TMQuiltViewTests-Prefix.pch"; sourceTree = "<group>"; };
		15E45A0D15C071320031094D /* Cedar-iOS.framework */ = {isa = PBXFileReference; lastKnownFileType = wrapper.framework; name = "Cedar-iOS.framework"; path = "Frameworks/Cedar-iOS.framework"; sourceTree = "<group>"; };
		15E45A1515C073F10031094D /* TMQuiltViewTests.mm */ = {isa = PBXFileReference; fileEncoding = 4; lastKnownFileType = sourcecode.cpp.objcpp; path = TMQuiltViewTests.mm; sourceTree = "<group>"; };
		15F3E22215B9DC6900218C9C /* libTMQuiltView.a */ = {isa = PBXFileReference; explicitFileType = archive.ar; includeInIndex = 0; path = libTMQuiltView.a; sourceTree = BUILT_PRODUCTS_DIR; };
		15F3E22515B9DC6900218C9C /* Foundation.framework */ = {isa = PBXFileReference; lastKnownFileType = wrapper.framework; name = Foundation.framework; path = System/Library/Frameworks/Foundation.framework; sourceTree = SDKROOT; };
		15F3E22915B9DC6900218C9C /* TMQuiltView-Prefix.pch */ = {isa = PBXFileReference; lastKnownFileType = sourcecode.c.h; path = "TMQuiltView-Prefix.pch"; sourceTree = "<group>"; };
		15F3E22A15B9DC6900218C9C /* TMQuiltView.h */ = {isa = PBXFileReference; lastKnownFileType = sourcecode.c.h; path = TMQuiltView.h; sourceTree = "<group>"; };
		15F3E22B15B9DC6900218C9C /* TMQuiltView.m */ = {isa = PBXFileReference; lastKnownFileType = sourcecode.c.objc; path = TMQuiltView.m; sourceTree = "<group>"; };
		15F3E26115B9DD3300218C9C /* TMQuiltViewCell.h */ = {isa = PBXFileReference; fileEncoding = 4; lastKnownFileType = sourcecode.c.h; path = TMQuiltViewCell.h; sourceTree = "<group>"; };
		15F3E26215B9DD3300218C9C /* TMQuiltViewCell.m */ = {isa = PBXFileReference; fileEncoding = 4; lastKnownFileType = sourcecode.c.objc; path = TMQuiltViewCell.m; sourceTree = "<group>"; };
		15F3E26715B9FABE00218C9C /* TMQuiltViewController.h */ = {isa = PBXFileReference; fileEncoding = 4; lastKnownFileType = sourcecode.c.h; path = TMQuiltViewController.h; sourceTree = "<group>"; };
		15F3E26815B9FABE00218C9C /* TMQuiltViewController.m */ = {isa = PBXFileReference; fileEncoding = 4; lastKnownFileType = sourcecode.c.objc; path = TMQuiltViewController.m; sourceTree = "<group>"; };
/* End PBXFileReference section */

/* Begin PBXFrameworksBuildPhase section */
		15E459FA15C071310031094D /* Frameworks */ = {
			isa = PBXFrameworksBuildPhase;
			buildActionMask = 2147483647;
			files = (
				15E45A0015C071310031094D /* UIKit.framework in Frameworks */,
				15E45A0115C071310031094D /* Foundation.framework in Frameworks */,
				15E45A0315C071310031094D /* CoreGraphics.framework in Frameworks */,
				15E45A0E15C071320031094D /* Cedar-iOS.framework in Frameworks */,
			);
			runOnlyForDeploymentPostprocessing = 0;
		};
		15F3E21F15B9DC6900218C9C /* Frameworks */ = {
			isa = PBXFrameworksBuildPhase;
			buildActionMask = 2147483647;
			files = (
				15F3E22615B9DC6900218C9C /* Foundation.framework in Frameworks */,
			);
			runOnlyForDeploymentPostprocessing = 0;
		};
/* End PBXFrameworksBuildPhase section */

/* Begin PBXGroup section */
		15E45A0415C071310031094D /* TMQuiltViewTests */ = {
			isa = PBXGroup;
			children = (
				15E45A1515C073F10031094D /* TMQuiltViewTests.mm */,
				15E45A0D15C071320031094D /* Cedar-iOS.framework */,
				15E45A0515C071310031094D /* Supporting Files */,
			);
			path = TMQuiltViewTests;
			sourceTree = "<group>";
		};
		15E45A0515C071310031094D /* Supporting Files */ = {
			isa = PBXGroup;
			children = (
				15E45A0615C071310031094D /* TMQuiltViewTests-Info.plist */,
				15E45A0715C071310031094D /* InfoPlist.strings */,
				15E45A0A15C071310031094D /* main.m */,
				15E45A0C15C071310031094D /* TMQuiltViewTests-Prefix.pch */,
			);
			name = "Supporting Files";
			sourceTree = "<group>";
		};
		15F3E21715B9DC6800218C9C = {
			isa = PBXGroup;
			children = (
				15F3E22815B9DC6900218C9C /* Supporting Files */,
				15F3E22715B9DC6900218C9C /* TMQuiltView */,
				15E45A0415C071310031094D /* TMQuiltViewTests */,
				15F3E22415B9DC6900218C9C /* Frameworks */,
				15F3E22315B9DC6900218C9C /* Products */,
			);
			sourceTree = "<group>";
		};
		15F3E22315B9DC6900218C9C /* Products */ = {
			isa = PBXGroup;
			children = (
				15F3E22215B9DC6900218C9C /* libTMQuiltView.a */,
				15E459FD15C071310031094D /* TMQuiltViewTests.app */,
			);
			name = Products;
			sourceTree = "<group>";
		};
		15F3E22415B9DC6900218C9C /* Frameworks */ = {
			isa = PBXGroup;
			children = (
				15F3E22515B9DC6900218C9C /* Foundation.framework */,
				15E459FF15C071310031094D /* UIKit.framework */,
				15E45A0215C071310031094D /* CoreGraphics.framework */,
			);
			name = Frameworks;
			sourceTree = "<group>";
		};
		15F3E22715B9DC6900218C9C /* TMQuiltView */ = {
			isa = PBXGroup;
			children = (
				15F3E26715B9FABE00218C9C /* TMQuiltViewController.h */,
				15F3E26815B9FABE00218C9C /* TMQuiltViewController.m */,
				15F3E22A15B9DC6900218C9C /* TMQuiltView.h */,
				15F3E22B15B9DC6900218C9C /* TMQuiltView.m */,
				15F3E26115B9DD3300218C9C /* TMQuiltViewCell.h */,
				15F3E26215B9DD3300218C9C /* TMQuiltViewCell.m */,
			);
			path = TMQuiltView;
			sourceTree = "<group>";
		};
		15F3E22815B9DC6900218C9C /* Supporting Files */ = {
			isa = PBXGroup;
			children = (
				15F3E22915B9DC6900218C9C /* TMQuiltView-Prefix.pch */,
			);
			name = "Supporting Files";
			path = TMQuiltView;
			sourceTree = "<group>";
		};
/* End PBXGroup section */

/* Begin PBXHeadersBuildPhase section */
		15F3E22015B9DC6900218C9C /* Headers */ = {
			isa = PBXHeadersBuildPhase;
			buildActionMask = 2147483647;
			files = (
				15F3E26315B9DD3300218C9C /* TMQuiltViewCell.h in Headers */,
				15F3E26915B9FABE00218C9C /* TMQuiltViewController.h in Headers */,
			);
			runOnlyForDeploymentPostprocessing = 0;
		};
/* End PBXHeadersBuildPhase section */

/* Begin PBXNativeTarget section */
		15E459FC15C071310031094D /* TMQuiltViewTests */ = {
			isa = PBXNativeTarget;
			buildConfigurationList = 15E45A1315C071320031094D /* Build configuration list for PBXNativeTarget "TMQuiltViewTests" */;
			buildPhases = (
				15E459F915C071310031094D /* Sources */,
				15E459FA15C071310031094D /* Frameworks */,
				15E459FB15C071310031094D /* Resources */,
			);
			buildRules = (
			);
			dependencies = (
			);
			name = TMQuiltViewTests;
			productName = TMQuiltViewTests;
			productReference = 15E459FD15C071310031094D /* TMQuiltViewTests.app */;
			productType = "com.apple.product-type.application";
		};
		15F3E22115B9DC6900218C9C /* TMQuiltView */ = {
			isa = PBXNativeTarget;
			buildConfigurationList = 15F3E22F15B9DC6900218C9C /* Build configuration list for PBXNativeTarget "TMQuiltView" */;
			buildPhases = (
				15F3E21E15B9DC6900218C9C /* Sources */,
				15F3E21F15B9DC6900218C9C /* Frameworks */,
				15F3E22015B9DC6900218C9C /* Headers */,
			);
			buildRules = (
			);
			dependencies = (
			);
			name = TMQuiltView;
			productName = TMQuiltView;
			productReference = 15F3E22215B9DC6900218C9C /* libTMQuiltView.a */;
			productType = "com.apple.product-type.library.static";
		};
/* End PBXNativeTarget section */

/* Begin PBXProject section */
		15F3E21915B9DC6800218C9C /* Project object */ = {
			isa = PBXProject;
			attributes = {
				LastUpgradeCheck = 0430;
			};
			buildConfigurationList = 15F3E21C15B9DC6800218C9C /* Build configuration list for PBXProject "TMQuiltView" */;
			compatibilityVersion = "Xcode 3.2";
			developmentRegion = English;
			hasScannedForEncodings = 0;
			knownRegions = (
				en,
			);
			mainGroup = 15F3E21715B9DC6800218C9C;
			productRefGroup = 15F3E22315B9DC6900218C9C /* Products */;
			projectDirPath = "";
			projectRoot = "";
			targets = (
				15F3E22115B9DC6900218C9C /* TMQuiltView */,
				15E459FC15C071310031094D /* TMQuiltViewTests */,
			);
		};
/* End PBXProject section */

/* Begin PBXResourcesBuildPhase section */
		15E459FB15C071310031094D /* Resources */ = {
			isa = PBXResourcesBuildPhase;
			buildActionMask = 2147483647;
			files = (
				15E45A0915C071310031094D /* InfoPlist.strings in Resources */,
			);
			runOnlyForDeploymentPostprocessing = 0;
		};
/* End PBXResourcesBuildPhase section */

/* Begin PBXSourcesBuildPhase section */
		15E459F915C071310031094D /* Sources */ = {
			isa = PBXSourcesBuildPhase;
			buildActionMask = 2147483647;
			files = (
				15E45A1815C076F90031094D /* TMQuiltViewCell.m in Sources */,
				15E45A1715C076CE0031094D /* TMQuiltView.m in Sources */,
				15E45A0B15C071310031094D /* main.m in Sources */,
				15E45A1615C073F10031094D /* TMQuiltViewTests.mm in Sources */,
			);
			runOnlyForDeploymentPostprocessing = 0;
		};
		15F3E21E15B9DC6900218C9C /* Sources */ = {
			isa = PBXSourcesBuildPhase;
			buildActionMask = 2147483647;
			files = (
				15F3E22C15B9DC6900218C9C /* TMQuiltView.m in Sources */,
				15F3E26415B9DD3300218C9C /* TMQuiltViewCell.m in Sources */,
				15F3E26A15B9FABE00218C9C /* TMQuiltViewController.m in Sources */,
			);
			runOnlyForDeploymentPostprocessing = 0;
		};
/* End PBXSourcesBuildPhase section */

/* Begin PBXVariantGroup section */
		15E45A0715C071310031094D /* InfoPlist.strings */ = {
			isa = PBXVariantGroup;
			children = (
				15E45A0815C071310031094D /* en */,
			);
			name = InfoPlist.strings;
			sourceTree = "<group>";
		};
/* End PBXVariantGroup section */

/* Begin XCBuildConfiguration section */
		15E45A1115C071320031094D /* Debug */ = {
			isa = XCBuildConfiguration;
			buildSettings = {
				CLANG_ENABLE_OBJC_ARC = NO;
				"CODE_SIGN_IDENTITY[sdk=iphoneos*]" = "iPhone Developer";
				FRAMEWORK_SEARCH_PATHS = (
					"$(inherited)",
					"\"$(SRCROOT)/TMQuiltViewTests/Frameworks\"",
				);
				GCC_PRECOMPILE_PREFIX_HEADER = YES;
				GCC_PREFIX_HEADER = "TMQuiltViewTests/TMQuiltViewTests-Prefix.pch";
				INFOPLIST_FILE = "TMQuiltViewTests/TMQuiltViewTests-Info.plist";
				OTHER_LDFLAGS = (
					"-ObjC",
					"-all_load",
					"-lstdc++",
				);
				PRODUCT_NAME = "$(TARGET_NAME)";
				WRAPPER_EXTENSION = app;
			};
			name = Debug;
		};
		15E45A1215C071320031094D /* Release */ = {
			isa = XCBuildConfiguration;
			buildSettings = {
				CLANG_ENABLE_OBJC_ARC = NO;
				"CODE_SIGN_IDENTITY[sdk=iphoneos*]" = "iPhone Developer";
				FRAMEWORK_SEARCH_PATHS = (
					"$(inherited)",
					"\"$(SRCROOT)/TMQuiltViewTests/Frameworks\"",
				);
				GCC_PRECOMPILE_PREFIX_HEADER = YES;
				GCC_PREFIX_HEADER = "TMQuiltViewTests/TMQuiltViewTests-Prefix.pch";
				INFOPLIST_FILE = "TMQuiltViewTests/TMQuiltViewTests-Info.plist";
				OTHER_CFLAGS = "-DNS_BLOCK_ASSERTIONS=1";
				OTHER_LDFLAGS = (
					"-ObjC",
					"-all_load",
					"-lstdc++",
				);
				PRODUCT_NAME = "$(TARGET_NAME)";
				WRAPPER_EXTENSION = app;
			};
			name = Release;
		};
		15F3E22D15B9DC6900218C9C /* Debug */ = {
			isa = XCBuildConfiguration;
			buildSettings = {
				ALWAYS_SEARCH_USER_PATHS = NO;
				ARCHS = "$(ARCHS_STANDARD_32_BIT)";
				COPY_PHASE_STRIP = NO;
				GCC_C_LANGUAGE_STANDARD = gnu99;
				GCC_DYNAMIC_NO_PIC = NO;
				GCC_OPTIMIZATION_LEVEL = 0;
				GCC_PREPROCESSOR_DEFINITIONS = (
					"DEBUG=1",
					"$(inherited)",
				);
				GCC_SYMBOLS_PRIVATE_EXTERN = NO;
				GCC_VERSION = com.apple.compilers.llvm.clang.1_0;
				GCC_WARN_ABOUT_RETURN_TYPE = YES;
				GCC_WARN_UNINITIALIZED_AUTOS = YES;
				GCC_WARN_UNUSED_VARIABLE = YES;
				IPHONEOS_DEPLOYMENT_TARGET = 5.1;
				SDKROOT = iphoneos;
			};
			name = Debug;
		};
		15F3E22E15B9DC6900218C9C /* Release */ = {
			isa = XCBuildConfiguration;
			buildSettings = {
				ALWAYS_SEARCH_USER_PATHS = NO;
				ARCHS = "$(ARCHS_STANDARD_32_BIT)";
				COPY_PHASE_STRIP = YES;
				GCC_C_LANGUAGE_STANDARD = gnu99;
				GCC_VERSION = com.apple.compilers.llvm.clang.1_0;
				GCC_WARN_ABOUT_RETURN_TYPE = YES;
				GCC_WARN_UNINITIALIZED_AUTOS = YES;
				GCC_WARN_UNUSED_VARIABLE = YES;
				IPHONEOS_DEPLOYMENT_TARGET = 5.1;
				SDKROOT = iphoneos;
				VALIDATE_PRODUCT = YES;
			};
			name = Release;
		};
		15F3E23015B9DC6900218C9C /* Debug */ = {
			isa = XCBuildConfiguration;
			buildSettings = {
				DSTROOT = /tmp/TMQuiltView.dst;
				GCC_PRECOMPILE_PREFIX_HEADER = YES;
				GCC_PREFIX_HEADER = "TMQuiltView/TMQuiltView-Prefix.pch";
				OTHER_LDFLAGS = "-ObjC";
				PRODUCT_NAME = "$(TARGET_NAME)";
				SKIP_INSTALL = YES;
			};
			name = Debug;
		};
		15F3E23115B9DC6900218C9C /* Release */ = {
			isa = XCBuildConfiguration;
			buildSettings = {
				DSTROOT = /tmp/TMQuiltView.dst;
				GCC_PRECOMPILE_PREFIX_HEADER = YES;
				GCC_PREFIX_HEADER = "TMQuiltView/TMQuiltView-Prefix.pch";
				OTHER_LDFLAGS = "-ObjC";
				PRODUCT_NAME = "$(TARGET_NAME)";
				SKIP_INSTALL = YES;
			};
			name = Release;
		};
/* End XCBuildConfiguration section */

/* Begin XCConfigurationList section */
		15E45A1315C071320031094D /* Build configuration list for PBXNativeTarget "TMQuiltViewTests" */ = {
			isa = XCConfigurationList;
			buildConfigurations = (
				15E45A1115C071320031094D /* Debug */,
				15E45A1215C071320031094D /* Release */,
			);
			defaultConfigurationIsVisible = 0;
			defaultConfigurationName = Release;
		};
		15F3E21C15B9DC6800218C9C /* Build configuration list for PBXProject "TMQuiltView" */ = {
			isa = XCConfigurationList;
			buildConfigurations = (
				15F3E22D15B9DC6900218C9C /* Debug */,
				15F3E22E15B9DC6900218C9C /* Release */,
			);
			defaultConfigurationIsVisible = 0;
			defaultConfigurationName = Release;
		};
		15F3E22F15B9DC6900218C9C /* Build configuration list for PBXNativeTarget "TMQuiltView" */ = {
			isa = XCConfigurationList;
			buildConfigurations = (
				15F3E23015B9DC6900218C9C /* Debug */,
				15F3E23115B9DC6900218C9C /* Release */,
			);
			defaultConfigurationIsVisible = 0;
			defaultConfigurationName = Release;
		};
/* End XCConfigurationList section */
	};
	rootObject = 15F3E21915B9DC6800218C9C /* Project object */;
}
